
Microsoft Visual Studio Solution File, Format Version 12.00
# Visual Studio Version 17
VisualStudioVersion = 17.2.32526.322
MinimumVisualStudioVersion = 10.0.40219.1
Project("{FAE04EC0-301F-11D3-BF4B-00C04F79EFBC}") = "AlanDemoProject", "AlanDemoProject\AlanDemoProject.csproj", "{111D0AD7-B7D7-4A50-AEC5-77D99EBA5EFA}"
EndProject
Global
	GlobalSection(SolutionConfigurationPlatforms) = preSolution
		Debug|Any CPU = Debug|Any CPU
		Release|Any CPU = Release|Any CPU
	EndGlobalSection
	GlobalSection(ProjectConfigurationPlatforms) = postSolution
		{111D0AD7-B7D7-4A50-AEC5-77D99EBA5EFA}.Debug|Any CPU.ActiveCfg = Debug|Any CPU
		{111D0AD7-B7D7-4A50-AEC5-77D99EBA5EFA}.Debug|Any CPU.Build.0 = Debug|Any CPU
		{111D0AD7-B7D7-4A50-AEC5-77D99EBA5EFA}.Release|Any CPU.ActiveCfg = Release|Any CPU
		{111D0AD7-B7D7-4A50-AEC5-77D99EBA5EFA}.Release|Any CPU.Build.0 = Release|Any CPU
	EndGlobalSection
	GlobalSection(SolutionProperties) = preSolution
		HideSolutionNode = FALSE
	EndGlobalSection
	GlobalSection(ExtensibilityGlobals) = postSolution
		SolutionGuid = {1E31F3D0-FEAF-4E08-AA1B-E02A45B9CD48}
	EndGlobalSection
EndGlobal
